// !$*UTF8*$!
{
	archiveVersion = 1;
	classes = {
	};
	objectVersion = 46;
	objects = {

/* Begin PBXBuildFile section */
		E29E2EC11ADAE6E3007A8B57 /* main.m in Sources */ = {isa = PBXBuildFile; fileRef = E29E2EC01ADAE6E3007A8B57 /* main.m */; };
		E29E2EC41ADAE6E3007A8B57 /* AppDelegate.m in Sources */ = {isa = PBXBuildFile; fileRef = E29E2EC31ADAE6E3007A8B57 /* AppDelegate.m */; };
		E29E2EC71ADAE6E3007A8B57 /* ViewController.m in Sources */ = {isa = PBXBuildFile; fileRef = E29E2EC61ADAE6E3007A8B57 /* ViewController.m */; };
		E29E2ECA1ADAE6E3007A8B57 /* Main.storyboard in Resources */ = {isa = PBXBuildFile; fileRef = E29E2EC81ADAE6E3007A8B57 /* Main.storyboard */; };
		E29E2ECC1ADAE6E3007A8B57 /* Images.xcassets in Resources */ = {isa = PBXBuildFile; fileRef = E29E2ECB1ADAE6E3007A8B57 /* Images.xcassets */; };
		E29E2ECF1ADAE6E3007A8B57 /* LaunchScreen.xib in Resources */ = {isa = PBXBuildFile; fileRef = E29E2ECD1ADAE6E3007A8B57 /* LaunchScreen.xib */; };
		E29E2EDB1ADAE6E3007A8B57 /* TMEmptyViewTests.m in Sources */ = {isa = PBXBuildFile; fileRef = E29E2EDA1ADAE6E3007A8B57 /* TMEmptyViewTests.m */; };
		E29E2EEA1ADAE721007A8B57 /* EmptyView.m in Sources */ = {isa = PBXBuildFile; fileRef = E29E2EE61ADAE721007A8B57 /* EmptyView.m */; };
		E29E2EEB1ADAE721007A8B57 /* EmptyView.xib in Resources */ = {isa = PBXBuildFile; fileRef = E29E2EE71ADAE721007A8B57 /* EmptyView.xib */; };
		E29E2EEC1ADAE721007A8B57 /* UITableView+TMCategory.m in Sources */ = {isa = PBXBuildFile; fileRef = E29E2EE91ADAE721007A8B57 /* UITableView+TMCategory.m */; };
/* End PBXBuildFile section */

/* Begin PBXContainerItemProxy section */
		E29E2ED51ADAE6E3007A8B57 /* PBXContainerItemProxy */ = {
			isa = PBXContainerItemProxy;
			containerPortal = E29E2EB31ADAE6E3007A8B57 /* Project object */;
			proxyType = 1;
			remoteGlobalIDString = E29E2EBA1ADAE6E3007A8B57;
			remoteInfo = TMEmptyView;
		};
/* End PBXContainerItemProxy section */

/* Begin PBXFileReference section */
		E29E2EBB1ADAE6E3007A8B57 /* TMEmptyView.app */ = {isa = PBXFileReference; explicitFileType = wrapper.application; includeInIndex = 0; path = TMEmptyView.app; sourceTree = BUILT_PRODUCTS_DIR; };
		E29E2EBF1ADAE6E3007A8B57 /* Info.plist */ = {isa = PBXFileReference; lastKnownFileType = text.plist.xml; path = Info.plist; sourceTree = "<group>"; };
		E29E2EC01ADAE6E3007A8B57 /* main.m */ = {isa = PBXFileReference; lastKnownFileType = sourcecode.c.objc; path = main.m; sourceTree = "<group>"; };
		E29E2EC21ADAE6E3007A8B57 /* AppDelegate.h */ = {isa = PBXFileReference; lastKnownFileType = sourcecode.c.h; path = AppDelegate.h; sourceTree = "<group>"; };
		E29E2EC31ADAE6E3007A8B57 /* AppDelegate.m */ = {isa = PBXFileReference; lastKnownFileType = sourcecode.c.objc; path = AppDelegate.m; sourceTree = "<group>"; };
		E29E2EC51ADAE6E3007A8B57 /* ViewController.h */ = {isa = PBXFileReference; lastKnownFileType = sourcecode.c.h; path = ViewController.h; sourceTree = "<group>"; };
		E29E2EC61ADAE6E3007A8B57 /* ViewController.m */ = {isa = PBXFileReference; lastKnownFileType = sourcecode.c.objc; path = ViewController.m; sourceTree = "<group>"; };
		E29E2EC91ADAE6E3007A8B57 /* Base */ = {isa = PBXFileReference; lastKnownFileType = file.storyboard; name = Base; path = Base.lproj/Main.storyboard; sourceTree = "<group>"; };
		E29E2ECB1ADAE6E3007A8B57 /* Images.xcassets */ = {isa = PBXFileReference; lastKnownFileType = folder.assetcatalog; path = Images.xcassets; sourceTree = "<group>"; };
		E29E2ECE1ADAE6E3007A8B57 /* Base */ = {isa = PBXFileReference; lastKnownFileType = file.xib; name = Base; path = Base.lproj/LaunchScreen.xib; sourceTree = "<group>"; };
		E29E2ED41ADAE6E3007A8B57 /* TMEmptyViewTests.xctest */ = {isa = PBXFileReference; explicitFileType = wrapper.cfbundle; includeInIndex = 0; path = TMEmptyViewTests.xctest; sourceTree = BUILT_PRODUCTS_DIR; };
		E29E2ED91ADAE6E3007A8B57 /* Info.plist */ = {isa = PBXFileReference; lastKnownFileType = text.plist.xml; path = Info.plist; sourceTree = "<group>"; };
		E29E2EDA1ADAE6E3007A8B57 /* TMEmptyViewTests.m */ = {isa = PBXFileReference; lastKnownFileType = sourcecode.c.objc; path = TMEmptyViewTests.m; sourceTree = "<group>"; };
		E29E2EE51ADAE721007A8B57 /* EmptyView.h */ = {isa = PBXFileReference; fileEncoding = 4; lastKnownFileType = sourcecode.c.h; path = EmptyView.h; sourceTree = "<group>"; };
		E29E2EE61ADAE721007A8B57 /* EmptyView.m */ = {isa = PBXFileReference; fileEncoding = 4; lastKnownFileType = sourcecode.c.objc; path = EmptyView.m; sourceTree = "<group>"; };
		E29E2EE71ADAE721007A8B57 /* EmptyView.xib */ = {isa = PBXFileReference; fileEncoding = 4; lastKnownFileType = file.xib; path = EmptyView.xib; sourceTree = "<group>"; };
		E29E2EE81ADAE721007A8B57 /* UITableView+TMCategory.h */ = {isa = PBXFileReference; fileEncoding = 4; lastKnownFileType = sourcecode.c.h; path = "UITableView+TMCategory.h"; sourceTree = "<group>"; };
		E29E2EE91ADAE721007A8B57 /* UITableView+TMCategory.m */ = {isa = PBXFileReference; fileEncoding = 4; lastKnownFileType = sourcecode.c.objc; path = "UITableView+TMCategory.m"; sourceTree = "<group>"; };
/* End PBXFileReference section */

/* Begin PBXFrameworksBuildPhase section */
		E29E2EB81ADAE6E3007A8B57 /* Frameworks */ = {
			isa = PBXFrameworksBuildPhase;
			buildActionMask = 2147483647;
			files = (
			);
			runOnlyForDeploymentPostprocessing = 0;
		};
		E29E2ED11ADAE6E3007A8B57 /* Frameworks */ = {
			isa = PBXFrameworksBuildPhase;
			buildActionMask = 2147483647;
			files = (
			);
			runOnlyForDeploymentPostprocessing = 0;
		};
/* End PBXFrameworksBuildPhase section */

/* Begin PBXGroup section */
		E29E2EB21ADAE6E3007A8B57 = {
			isa = PBXGroup;
			children = (
				E29E2EBD1ADAE6E3007A8B57 /* TMEmptyView */,
				E29E2ED71ADAE6E3007A8B57 /* TMEmptyViewTests */,
				E29E2EBC1ADAE6E3007A8B57 /* Products */,
			);
			sourceTree = "<group>";
		};
		E29E2EBC1ADAE6E3007A8B57 /* Products */ = {
			isa = PBXGroup;
			children = (
				E29E2EBB1ADAE6E3007A8B57 /* TMEmptyView.app */,
				E29E2ED41ADAE6E3007A8B57 /* TMEmptyViewTests.xctest */,
			);
			name = Products;
			sourceTree = "<group>";
		};
		E29E2EBD1ADAE6E3007A8B57 /* TMEmptyView */ = {
			isa = PBXGroup;
			children = (
				E29E2EE41ADAE721007A8B57 /* EmptyView */,
				E29E2EC21ADAE6E3007A8B57 /* AppDelegate.h */,
				E29E2EC31ADAE6E3007A8B57 /* AppDelegate.m */,
				E29E2EC51ADAE6E3007A8B57 /* ViewController.h */,
				E29E2EC61ADAE6E3007A8B57 /* ViewController.m */,
				E29E2EC81ADAE6E3007A8B57 /* Main.storyboard */,
				E29E2ECB1ADAE6E3007A8B57 /* Images.xcassets */,
				E29E2ECD1ADAE6E3007A8B57 /* LaunchScreen.xib */,
				E29E2EBE1ADAE6E3007A8B57 /* Supporting Files */,
			);
			path = TMEmptyView;
			sourceTree = "<group>";
		};
		E29E2EBE1ADAE6E3007A8B57 /* Supporting Files */ = {
			isa = PBXGroup;
			children = (
				E29E2EBF1ADAE6E3007A8B57 /* Info.plist */,
				E29E2EC01ADAE6E3007A8B57 /* main.m */,
			);
			name = "Supporting Files";
			sourceTree = "<group>";
		};
		E29E2ED71ADAE6E3007A8B57 /* TMEmptyViewTests */ = {
			isa = PBXGroup;
			children = (
				E29E2EDA1ADAE6E3007A8B57 /* TMEmptyViewTests.m */,
				E29E2ED81ADAE6E3007A8B57 /* Supporting Files */,
			);
			path = TMEmptyViewTests;
			sourceTree = "<group>";
		};
		E29E2ED81ADAE6E3007A8B57 /* Supporting Files */ = {
			isa = PBXGroup;
			children = (
				E29E2ED91ADAE6E3007A8B57 /* Info.plist */,
			);
			name = "Supporting Files";
			sourceTree = "<group>";
		};
		E29E2EE41ADAE721007A8B57 /* EmptyView */ = {
			isa = PBXGroup;
			children = (
				E29E2EE51ADAE721007A8B57 /* EmptyView.h */,
				E29E2EE61ADAE721007A8B57 /* EmptyView.m */,
				E29E2EE71ADAE721007A8B57 /* EmptyView.xib */,
				E29E2EE81ADAE721007A8B57 /* UITableView+TMCategory.h */,
				E29E2EE91ADAE721007A8B57 /* UITableView+TMCategory.m */,
			);
			path = EmptyView;
			sourceTree = "<group>";
		};
/* End PBXGroup section */

/* Begin PBXNativeTarget section */
		E29E2EBA1ADAE6E3007A8B57 /* TMEmptyView */ = {
			isa = PBXNativeTarget;
			buildConfigurationList = E29E2EDE1ADAE6E3007A8B57 /* Build configuration list for PBXNativeTarget "TMEmptyView" */;
			buildPhases = (
				E29E2EB71ADAE6E3007A8B57 /* Sources */,
				E29E2EB81ADAE6E3007A8B57 /* Frameworks */,
				E29E2EB91ADAE6E3007A8B57 /* Resources */,
			);
			buildRules = (
			);
			dependencies = (
			);
			name = TMEmptyView;
			productName = TMEmptyView;
			productReference = E29E2EBB1ADAE6E3007A8B57 /* TMEmptyView.app */;
			productType = "com.apple.product-type.application";
		};
		E29E2ED31ADAE6E3007A8B57 /* TMEmptyViewTests */ = {
			isa = PBXNativeTarget;
			buildConfigurationList = E29E2EE11ADAE6E3007A8B57 /* Build configuration list for PBXNativeTarget "TMEmptyViewTests" */;
			buildPhases = (
				E29E2ED01ADAE6E3007A8B57 /* Sources */,
				E29E2ED11ADAE6E3007A8B57 /* Frameworks */,
				E29E2ED21ADAE6E3007A8B57 /* Resources */,
			);
			buildRules = (
			);
			dependencies = (
				E29E2ED61ADAE6E3007A8B57 /* PBXTargetDependency */,
			);
			name = TMEmptyViewTests;
			productName = TMEmptyViewTests;
			productReference = E29E2ED41ADAE6E3007A8B57 /* TMEmptyViewTests.xctest */;
			productType = "com.apple.product-type.bundle.unit-test";
		};
/* End PBXNativeTarget section */

/* Begin PBXProject section */
		E29E2EB31ADAE6E3007A8B57 /* Project object */ = {
			isa = PBXProject;
			attributes = {
				LastUpgradeCheck = 0620;
				ORGANIZATIONNAME = Tom;
				TargetAttributes = {
					E29E2EBA1ADAE6E3007A8B57 = {
						CreatedOnToolsVersion = 6.2;
					};
					E29E2ED31ADAE6E3007A8B57 = {
						CreatedOnToolsVersion = 6.2;
						TestTargetID = E29E2EBA1ADAE6E3007A8B57;
					};
				};
			};
			buildConfigurationList = E29E2EB61ADAE6E3007A8B57 /* Build configuration list for PBXProject "TMEmptyView" */;
			compatibilityVersion = "Xcode 3.2";
			developmentRegion = English;
			hasScannedForEncodings = 0;
			knownRegions = (
				en,
				Base,
			);
			mainGroup = E29E2EB21ADAE6E3007A8B57;
			productRefGroup = E29E2EBC1ADAE6E3007A8B57 /* Products */;
			projectDirPath = "";
			projectRoot = "";
			targets = (
				E29E2EBA1ADAE6E3007A8B57 /* TMEmptyView */,
				E29E2ED31ADAE6E3007A8B57 /* TMEmptyViewTests */,
			);
		};
/* End PBXProject section */

/* Begin PBXResourcesBuildPhase section */
		E29E2EB91ADAE6E3007A8B57 /* Resources */ = {
			isa = PBXResourcesBuildPhase;
			buildActionMask = 2147483647;
			files = (
				E29E2EEB1ADAE721007A8B57 /* EmptyView.xib in Resources */,
				E29E2ECA1ADAE6E3007A8B57 /* Main.storyboard in Resources */,
				E29E2ECF1ADAE6E3007A8B57 /* LaunchScreen.xib in Resources */,
				E29E2ECC1ADAE6E3007A8B57 /* Images.xcassets in Resources */,
			);
			runOnlyForDeploymentPostprocessing = 0;
		};
		E29E2ED21ADAE6E3007A8B57 /* Resources */ = {
			isa = PBXResourcesBuildPhase;
			buildActionMask = 2147483647;
			files = (
			);
			runOnlyForDeploymentPostprocessing = 0;
		};
/* End PBXResourcesBuildPhase section */

/* Begin PBXSourcesBuildPhase section */
		E29E2EB71ADAE6E3007A8B57 /* Sources */ = {
			isa = PBXSourcesBuildPhase;
			buildActionMask = 2147483647;
			files = (
				E29E2EEA1ADAE721007A8B57 /* EmptyView.m in Sources */,
				E29E2EC71ADAE6E3007A8B57 /* ViewController.m in Sources */,
				E29E2EEC1ADAE721007A8B57 /* UITableView+TMCategory.m in Sources */,
				E29E2EC41ADAE6E3007A8B57 /* AppDelegate.m in Sources */,
				E29E2EC11ADAE6E3007A8B57 /* main.m in Sources */,
			);
			runOnlyForDeploymentPostprocessing = 0;
		};
		E29E2ED01ADAE6E3007A8B57 /* Sources */ = {
			isa = PBXSourcesBuildPhase;
			buildActionMask = 2147483647;
			files = (
				E29E2EDB1ADAE6E3007A8B57 /* TMEmptyViewTests.m in Sources */,
			);
			runOnlyForDeploymentPostprocessing = 0;
		};
/* End PBXSourcesBuildPhase section */

/* Begin PBXTargetDependency section */
		E29E2ED61ADAE6E3007A8B57 /* PBXTargetDependency */ = {
			isa = PBXTargetDependency;
			target = E29E2EBA1ADAE6E3007A8B57 /* TMEmptyView */;
			targetProxy = E29E2ED51ADAE6E3007A8B57 /* PBXContainerItemProxy */;
		};
/* End PBXTargetDependency section */

/* Begin PBXVariantGroup section */
		E29E2EC81ADAE6E3007A8B57 /* Main.storyboard */ = {
			isa = PBXVariantGroup;
			children = (
				E29E2EC91ADAE6E3007A8B57 /* Base */,
			);
			name = Main.storyboard;
			sourceTree = "<group>";
		};
		E29E2ECD1ADAE6E3007A8B57 /* LaunchScreen.xib */ = {
			isa = PBXVariantGroup;
			children = (
				E29E2ECE1ADAE6E3007A8B57 /* Base */,
			);
			name = LaunchScreen.xib;
			sourceTree = "<group>";
		};
/* End PBXVariantGroup section */

/* Begin XCBuildConfiguration section */
		E29E2EDC1ADAE6E3007A8B57 /* Debug */ = {
			isa = XCBuildConfiguration;
			buildSettings = {
				ALWAYS_SEARCH_USER_PATHS = NO;
				CLANG_CXX_LANGUAGE_STANDARD = "gnu++0x";
				CLANG_CXX_LIBRARY = "libc++";
				CLANG_ENABLE_MODULES = YES;
				CLANG_ENABLE_OBJC_ARC = YES;
				CLANG_WARN_BOOL_CONVERSION = YES;
				CLANG_WARN_CONSTANT_CONVERSION = YES;
				CLANG_WARN_DIRECT_OBJC_ISA_USAGE = YES_ERROR;
				CLANG_WARN_EMPTY_BODY = YES;
				CLANG_WARN_ENUM_CONVERSION = YES;
				CLANG_WARN_INT_CONVERSION = YES;
				CLANG_WARN_OBJC_ROOT_CLASS = YES_ERROR;
				CLANG_WARN_UNREACHABLE_CODE = YES;
				CLANG_WARN__DUPLICATE_METHOD_MATCH = YES;
				"CODE_SIGN_IDENTITY[sdk=iphoneos*]" = "iPhone Developer";
				COPY_PHASE_STRIP = NO;
				ENABLE_STRICT_OBJC_MSGSEND = YES;
				GCC_C_LANGUAGE_STANDARD = gnu99;
				GCC_DYNAMIC_NO_PIC = NO;
				GCC_OPTIMIZATION_LEVEL = 0;
				GCC_PREPROCESSOR_DEFINITIONS = (
					"DEBUG=1",
					"$(inherited)",
				);
				GCC_SYMBOLS_PRIVATE_EXTERN = NO;
				GCC_WARN_64_TO_32_BIT_CONVERSION = YES;
				GCC_WARN_ABOUT_RETURN_TYPE = YES_ERROR;
				GCC_WARN_UNDECLARED_SELECTOR = YES;
				GCC_WARN_UNINITIALIZED_AUTOS = YES_AGGRESSIVE;
				GCC_WARN_UNUSED_FUNCTION = YES;
				GCC_WARN_UNUSED_VARIABLE = YES;
				IPHONEOS_DEPLOYMENT_TARGET = 8.2;
				MTL_ENABLE_DEBUG_INFO = YES;
				ONLY_ACTIVE_ARCH = YES;
				SDKROOT = iphoneos;
			};
			name = Debug;
		};
		E29E2EDD1ADAE6E3007A8B57 /* Release */ = {
			isa = XCBuildConfiguration;
			buildSettings = {
				ALWAYS_SEARCH_USER_PATHS = NO;
				CLANG_CXX_LANGUAGE_STANDARD = "gnu++0x";
				CLANG_CXX_LIBRARY = "libc++";
				CLANG_ENABLE_MODULES = YES;
				CLANG_ENABLE_OBJC_ARC = YES;
				CLANG_WARN_BOOL_CONVERSION = YES;
				CLANG_WARN_CONSTANT_CONVERSION = YES;
				CLANG_WARN_DIRECT_OBJC_ISA_USAGE = YES_ERROR;
				CLANG_WARN_EMPTY_BODY = YES;
				CLANG_WARN_ENUM_CONVERSION = YES;
				CLANG_WARN_INT_CONVERSION = YES;
				CLANG_WARN_OBJC_ROOT_CLASS = YES_ERROR;
				CLANG_WARN_UNREACHABLE_CODE = YES;
				CLANG_WARN__DUPLICATE_METHOD_MATCH = YES;
				"CODE_SIGN_IDENTITY[sdk=iphoneos*]" = "iPhone Developer";
				COPY_PHASE_STRIP = NO;
				ENABLE_NS_ASSERTIONS = NO;
				ENABLE_STRICT_OBJC_MSGSEND = YES;
				GCC_C_LANGUAGE_STANDARD = gnu99;
				GCC_WARN_64_TO_32_BIT_CONVERSION = YES;
				GCC_WARN_ABOUT_RETURN_TYPE = YES_ERROR;
				GCC_WARN_UNDECLARED_SELECTOR = YES;
				GCC_WARN_UNINITIALIZED_AUTOS = YES_AGGRESSIVE;
				GCC_WARN_UNUSED_FUNCTION = YES;
				GCC_WARN_UNUSED_VARIABLE = YES;
				IPHONEOS_DEPLOYMENT_TARGET = 8.2;
				MTL_ENABLE_DEBUG_INFO = NO;
				SDKROOT = iphoneos;
				VALIDATE_PRODUCT = YES;
			};
			name = Release;
		};
		E29E2EDF1ADAE6E3007A8B57 /* Debug */ = {
			isa = XCBuildConfiguration;
			buildSettings = {
				ASSETCATALOG_COMPILER_APPICON_NAME = AppIcon;
				INFOPLIST_FILE = TMEmptyView/Info.plist;
				LD_RUNPATH_SEARCH_PATHS = "$(inherited) @executable_path/Frameworks";
				PRODUCT_NAME = "$(TARGET_NAME)";
			};
			name = Debug;
		};
		E29E2EE01ADAE6E3007A8B57 /* Release */ = {
			isa = XCBuildConfiguration;
			buildSettings = {
				ASSETCATALOG_COMPILER_APPICON_NAME = AppIcon;
				INFOPLIST_FILE = TMEmptyView/Info.plist;
				LD_RUNPATH_SEARCH_PATHS = "$(inherited) @executable_path/Frameworks";
				PRODUCT_NAME = "$(TARGET_NAME)";
			};
			name = Release;
		};
		E29E2EE21ADAE6E3007A8B57 /* Debug */ = {
			isa = XCBuildConfiguration;
			buildSettings = {
				BUNDLE_LOADER = "$(TEST_HOST)";
				FRAMEWORK_SEARCH_PATHS = (
					"$(SDKROOT)/Developer/Library/Frameworks",
					"$(inherited)",
				);
				GCC_PREPROCESSOR_DEFINITIONS = (
					"DEBUG=1",
					"$(inherited)",
				);
				INFOPLIST_FILE = TMEmptyViewTests/Info.plist;
				LD_RUNPATH_SEARCH_PATHS = "$(inherited) @executable_path/Frameworks @loader_path/Frameworks";
				PRODUCT_NAME = "$(TARGET_NAME)";
				TEST_HOST = "$(BUILT_PRODUCTS_DIR)/TMEmptyView.app/TMEmptyView";
			};
			name = Debug;
		};
		E29E2EE31ADAE6E3007A8B57 /* Release */ = {
			isa = XCBuildConfiguration;
			buildSettings = {
				BUNDLE_LOADER = "$(TEST_HOST)";
				FRAMEWORK_SEARCH_PATHS = (
					"$(SDKROOT)/Developer/Library/Frameworks",
					"$(inherited)",
				);
				INFOPLIST_FILE = TMEmptyViewTests/Info.plist;
				LD_RUNPATH_SEARCH_PATHS = "$(inherited) @executable_path/Frameworks @loader_path/Frameworks";
				PRODUCT_NAME = "$(TARGET_NAME)";
				TEST_HOST = "$(BUILT_PRODUCTS_DIR)/TMEmptyView.app/TMEmptyView";
			};
			name = Release;
		};
/* End XCBuildConfiguration section */

/* Begin XCConfigurationList section */
		E29E2EB61ADAE6E3007A8B57 /* Build configuration list for PBXProject "TMEmptyView" */ = {
			isa = XCConfigurationList;
			buildConfigurations = (
				E29E2EDC1ADAE6E3007A8B57 /* Debug */,
				E29E2EDD1ADAE6E3007A8B57 /* Release */,
			);
			defaultConfigurationIsVisible = 0;
			defaultConfigurationName = Release;
		};
		E29E2EDE1ADAE6E3007A8B57 /* Build configuration list for PBXNativeTarget "TMEmptyView" */ = {
			isa = XCConfigurationList;
			buildConfigurations = (
				E29E2EDF1ADAE6E3007A8B57 /* Debug */,
				E29E2EE01ADAE6E3007A8B57 /* Release */,
			);
			defaultConfigurationIsVisible = 0;
		};
		E29E2EE11ADAE6E3007A8B57 /* Build configuration list for PBXNativeTarget "TMEmptyViewTests" */ = {
			isa = XCConfigurationList;
			buildConfigurations = (
				E29E2EE21ADAE6E3007A8B57 /* Debug */,
				E29E2EE31ADAE6E3007A8B57 /* Release */,
			);
			defaultConfigurationIsVisible = 0;
		};
/* End XCConfigurationList section */
	};
	rootObject = E29E2EB31ADAE6E3007A8B57 /* Project object */;
}
